// !$*UTF8*$!
{
	archiveVersion = 1;
	classes = {
	};
	objectVersion = 46;
	objects = {

/* Begin PBXBuildFile section */
		1C1633B419C7C9B200D15CE8 /* ViewController.xib in Resources */ = {isa = PBXBuildFile; fileRef = 1C1633B319C7C9B200D15CE8 /* ViewController.xib */; };
		1C1BC33319C688EE008FB16F /* Foundation.framework in Frameworks */ = {isa = PBXBuildFile; fileRef = 1C1BC33219C688EE008FB16F /* Foundation.framework */; };
		1C1BC33519C688EE008FB16F /* CoreGraphics.framework in Frameworks */ = {isa = PBXBuildFile; fileRef = 1C1BC33419C688EE008FB16F /* CoreGraphics.framework */; };
		1C1BC33719C688EE008FB16F /* UIKit.framework in Frameworks */ = {isa = PBXBuildFile; fileRef = 1C1BC33619C688EE008FB16F /* UIKit.framework */; };
		1C1BC33D19C688EE008FB16F /* InfoPlist.strings in Resources */ = {isa = PBXBuildFile; fileRef = 1C1BC33B19C688EE008FB16F /* InfoPlist.strings */; };
		1C1BC33F19C688EE008FB16F /* main.m in Sources */ = {isa = PBXBuildFile; fileRef = 1C1BC33E19C688EE008FB16F /* main.m */; };
		1C1BC34319C688EE008FB16F /* AppDelegate.m in Sources */ = {isa = PBXBuildFile; fileRef = 1C1BC34219C688EE008FB16F /* AppDelegate.m */; };
		1C1BC34B19C688EE008FB16F /* Images.xcassets in Resources */ = {isa = PBXBuildFile; fileRef = 1C1BC34A19C688EE008FB16F /* Images.xcassets */; };
		1C1BC35219C688EE008FB16F /* XCTest.framework in Frameworks */ = {isa = PBXBuildFile; fileRef = 1C1BC35119C688EE008FB16F /* XCTest.framework */; };
		1C1BC35319C688EE008FB16F /* Foundation.framework in Frameworks */ = {isa = PBXBuildFile; fileRef = 1C1BC33219C688EE008FB16F /* Foundation.framework */; };
		1C1BC35419C688EE008FB16F /* UIKit.framework in Frameworks */ = {isa = PBXBuildFile; fileRef = 1C1BC33619C688EE008FB16F /* UIKit.framework */; };
		1C1BC35C19C688EE008FB16F /* InfoPlist.strings in Resources */ = {isa = PBXBuildFile; fileRef = 1C1BC35A19C688EE008FB16F /* InfoPlist.strings */; };
		1C1BC35E19C688EE008FB16F /* DemoForEasyPurchaseTests.m in Sources */ = {isa = PBXBuildFile; fileRef = 1C1BC35D19C688EE008FB16F /* DemoForEasyPurchaseTests.m */; };
		1C1BC37D19C68951008FB16F /* RootViewController.m in Sources */ = {isa = PBXBuildFile; fileRef = 1C1BC37619C68951008FB16F /* RootViewController.m */; };
		1C1BC37E19C68951008FB16F /* RootViewController.xib in Resources */ = {isa = PBXBuildFile; fileRef = 1C1BC37719C68951008FB16F /* RootViewController.xib */; };
		1C1BC37F19C68951008FB16F /* VC_selectProduct.m in Sources */ = {isa = PBXBuildFile; fileRef = 1C1BC37919C68951008FB16F /* VC_selectProduct.m */; };
		1C1BC38019C68951008FB16F /* VC_selectProduct.xib in Resources */ = {isa = PBXBuildFile; fileRef = 1C1BC37A19C68951008FB16F /* VC_selectProduct.xib */; };
		1C1BC38119C68951008FB16F /* ViewController.m in Sources */ = {isa = PBXBuildFile; fileRef = 1C1BC37C19C68951008FB16F /* ViewController.m */; };
		1C1BC3EA19C6F440008FB16F /* libEasyPurchase.a in Frameworks */ = {isa = PBXBuildFile; fileRef = 1C1BC3DD19C6BA50008FB16F /* libEasyPurchase.a */; };
/* End PBXBuildFile section */

/* Begin PBXContainerItemProxy section */
		1C1BC35519C688EE008FB16F /* PBXContainerItemProxy */ = {
			isa = PBXContainerItemProxy;
			containerPortal = 1C1BC32719C688EE008FB16F /* Project object */;
			proxyType = 1;
			remoteGlobalIDString = 1C1BC32E19C688EE008FB16F;
			remoteInfo = DemoForEasyPurchase;
		};
		1C1BC3DC19C6BA50008FB16F /* PBXContainerItemProxy */ = {
			isa = PBXContainerItemProxy;
			containerPortal = 1C1BC3D719C6BA50008FB16F /* EasyPurchase.xcodeproj */;
			proxyType = 2;
			remoteGlobalIDString = 1C1BC38B19C68A13008FB16F;
			remoteInfo = EasyPurchase;
		};
		1C1BC3DE19C6BA50008FB16F /* PBXContainerItemProxy */ = {
			isa = PBXContainerItemProxy;
			containerPortal = 1C1BC3D719C6BA50008FB16F /* EasyPurchase.xcodeproj */;
			proxyType = 2;
			remoteGlobalIDString = 1C1BC39B19C68A13008FB16F;
			remoteInfo = EasyPurchaseTests;
		};
		1C1BC3EB19C6F452008FB16F /* PBXContainerItemProxy */ = {
			isa = PBXContainerItemProxy;
			containerPortal = 1C1BC3D719C6BA50008FB16F /* EasyPurchase.xcodeproj */;
			proxyType = 1;
			remoteGlobalIDString = 1C1BC38A19C68A13008FB16F;
			remoteInfo = EasyPurchase;
		};
/* End PBXContainerItemProxy section */

/* Begin PBXFileReference section */
		1C1633B319C7C9B200D15CE8 /* ViewController.xib */ = {isa = PBXFileReference; fileEncoding = 4; lastKnownFileType = file.xib; path = ViewController.xib; sourceTree = "<group>"; };
		1C1BC32F19C688EE008FB16F /* DemoForEasyPurchase.app */ = {isa = PBXFileReference; explicitFileType = wrapper.application; includeInIndex = 0; path = DemoForEasyPurchase.app; sourceTree = BUILT_PRODUCTS_DIR; };
		1C1BC33219C688EE008FB16F /* Foundation.framework */ = {isa = PBXFileReference; lastKnownFileType = wrapper.framework; name = Foundation.framework; path = System/Library/Frameworks/Foundation.framework; sourceTree = SDKROOT; };
		1C1BC33419C688EE008FB16F /* CoreGraphics.framework */ = {isa = PBXFileReference; lastKnownFileType = wrapper.framework; name = CoreGraphics.framework; path = System/Library/Frameworks/CoreGraphics.framework; sourceTree = SDKROOT; };
		1C1BC33619C688EE008FB16F /* UIKit.framework */ = {isa = PBXFileReference; lastKnownFileType = wrapper.framework; name = UIKit.framework; path = System/Library/Frameworks/UIKit.framework; sourceTree = SDKROOT; };
		1C1BC33A19C688EE008FB16F /* DemoForEasyPurchase-Info.plist */ = {isa = PBXFileReference; lastKnownFileType = text.plist.xml; path = "DemoForEasyPurchase-Info.plist"; sourceTree = "<group>"; };
		1C1BC33C19C688EE008FB16F /* en */ = {isa = PBXFileReference; lastKnownFileType = text.plist.strings; name = en; path = en.lproj/InfoPlist.strings; sourceTree = "<group>"; };
		1C1BC33E19C688EE008FB16F /* main.m */ = {isa = PBXFileReference; lastKnownFileType = sourcecode.c.objc; path = main.m; sourceTree = "<group>"; };
		1C1BC34019C688EE008FB16F /* DemoForEasyPurchase-Prefix.pch */ = {isa = PBXFileReference; lastKnownFileType = sourcecode.c.h; path = "DemoForEasyPurchase-Prefix.pch"; sourceTree = "<group>"; };
		1C1BC34119C688EE008FB16F /* AppDelegate.h */ = {isa = PBXFileReference; lastKnownFileType = sourcecode.c.h; path = AppDelegate.h; sourceTree = "<group>"; };
		1C1BC34219C688EE008FB16F /* AppDelegate.m */ = {isa = PBXFileReference; lastKnownFileType = sourcecode.c.objc; path = AppDelegate.m; sourceTree = "<group>"; };
		1C1BC34A19C688EE008FB16F /* Images.xcassets */ = {isa = PBXFileReference; lastKnownFileType = folder.assetcatalog; path = Images.xcassets; sourceTree = "<group>"; };
		1C1BC35019C688EE008FB16F /* DemoForEasyPurchaseTests.xctest */ = {isa = PBXFileReference; explicitFileType = wrapper.cfbundle; includeInIndex = 0; path = DemoForEasyPurchaseTests.xctest; sourceTree = BUILT_PRODUCTS_DIR; };
		1C1BC35119C688EE008FB16F /* XCTest.framework */ = {isa = PBXFileReference; lastKnownFileType = wrapper.framework; name = XCTest.framework; path = Library/Frameworks/XCTest.framework; sourceTree = DEVELOPER_DIR; };
		1C1BC35919C688EE008FB16F /* DemoForEasyPurchaseTests-Info.plist */ = {isa = PBXFileReference; lastKnownFileType = text.plist.xml; path = "DemoForEasyPurchaseTests-Info.plist"; sourceTree = "<group>"; };
		1C1BC35B19C688EE008FB16F /* en */ = {isa = PBXFileReference; lastKnownFileType = text.plist.strings; name = en; path = en.lproj/InfoPlist.strings; sourceTree = "<group>"; };
		1C1BC35D19C688EE008FB16F /* DemoForEasyPurchaseTests.m */ = {isa = PBXFileReference; lastKnownFileType = sourcecode.c.objc; path = DemoForEasyPurchaseTests.m; sourceTree = "<group>"; };
		1C1BC37519C68951008FB16F /* RootViewController.h */ = {isa = PBXFileReference; fileEncoding = 4; lastKnownFileType = sourcecode.c.h; path = RootViewController.h; sourceTree = "<group>"; };
		1C1BC37619C68951008FB16F /* RootViewController.m */ = {isa = PBXFileReference; fileEncoding = 4; lastKnownFileType = sourcecode.c.objc; path = RootViewController.m; sourceTree = "<group>"; };
		1C1BC37719C68951008FB16F /* RootViewController.xib */ = {isa = PBXFileReference; fileEncoding = 4; lastKnownFileType = file.xib; path = RootViewController.xib; sourceTree = "<group>"; };
		1C1BC37819C68951008FB16F /* VC_selectProduct.h */ = {isa = PBXFileReference; fileEncoding = 4; lastKnownFileType = sourcecode.c.h; path = VC_selectProduct.h; sourceTree = "<group>"; };
		1C1BC37919C68951008FB16F /* VC_selectProduct.m */ = {isa = PBXFileReference; fileEncoding = 4; lastKnownFileType = sourcecode.c.objc; path = VC_selectProduct.m; sourceTree = "<group>"; };
		1C1BC37A19C68951008FB16F /* VC_selectProduct.xib */ = {isa = PBXFileReference; fileEncoding = 4; lastKnownFileType = file.xib; path = VC_selectProduct.xib; sourceTree = "<group>"; };
		1C1BC37B19C68951008FB16F /* ViewController.h */ = {isa = PBXFileReference; fileEncoding = 4; lastKnownFileType = sourcecode.c.h; path = ViewController.h; sourceTree = "<group>"; };
		1C1BC37C19C68951008FB16F /* ViewController.m */ = {isa = PBXFileReference; fileEncoding = 4; lastKnownFileType = sourcecode.c.objc; path = ViewController.m; sourceTree = "<group>"; };
		1C1BC3D719C6BA50008FB16F /* EasyPurchase.xcodeproj */ = {isa = PBXFileReference; lastKnownFileType = "wrapper.pb-project"; name = EasyPurchase.xcodeproj; path = ../EasyPurchase/EasyPurchase.xcodeproj; sourceTree = "<group>"; };
		1C1BC3E019C6BA5C008FB16F /* EasyPurchase.h */ = {isa = PBXFileReference; lastKnownFileType = sourcecode.c.h; name = EasyPurchase.h; path = ../EasyPurchase/EasyPurchase/EasyPurchase.h; sourceTree = "<group>"; };
/* End PBXFileReference section */

/* Begin PBXFrameworksBuildPhase section */
		1C1BC32C19C688EE008FB16F /* Frameworks */ = {
			isa = PBXFrameworksBuildPhase;
			buildActionMask = 2147483647;
			files = (
				1C1BC3EA19C6F440008FB16F /* libEasyPurchase.a in Frameworks */,
				1C1BC33519C688EE008FB16F /* CoreGraphics.framework in Frameworks */,
				1C1BC33719C688EE008FB16F /* UIKit.framework in Frameworks */,
				1C1BC33319C688EE008FB16F /* Foundation.framework in Frameworks */,
			);
			runOnlyForDeploymentPostprocessing = 0;
		};
		1C1BC34D19C688EE008FB16F /* Frameworks */ = {
			isa = PBXFrameworksBuildPhase;
			buildActionMask = 2147483647;
			files = (
				1C1BC35219C688EE008FB16F /* XCTest.framework in Frameworks */,
				1C1BC35419C688EE008FB16F /* UIKit.framework in Frameworks */,
				1C1BC35319C688EE008FB16F /* Foundation.framework in Frameworks */,
			);
			runOnlyForDeploymentPostprocessing = 0;
		};
/* End PBXFrameworksBuildPhase section */

/* Begin PBXGroup section */
		1C1BC32619C688EE008FB16F = {
			isa = PBXGroup;
			children = (
				1C1BC3D619C6BA34008FB16F /* LibEasyPurchase */,
				1C1BC33819C688EE008FB16F /* DemoForEasyPurchase */,
				1C1BC35719C688EE008FB16F /* DemoForEasyPurchaseTests */,
				1C1BC33119C688EE008FB16F /* Frameworks */,
				1C1BC33019C688EE008FB16F /* Products */,
			);
			sourceTree = "<group>";
		};
		1C1BC33019C688EE008FB16F /* Products */ = {
			isa = PBXGroup;
			children = (
				1C1BC32F19C688EE008FB16F /* DemoForEasyPurchase.app */,
				1C1BC35019C688EE008FB16F /* DemoForEasyPurchaseTests.xctest */,
			);
			name = Products;
			sourceTree = "<group>";
		};
		1C1BC33119C688EE008FB16F /* Frameworks */ = {
			isa = PBXGroup;
			children = (
				1C1BC33219C688EE008FB16F /* Foundation.framework */,
				1C1BC33419C688EE008FB16F /* CoreGraphics.framework */,
				1C1BC33619C688EE008FB16F /* UIKit.framework */,
				1C1BC35119C688EE008FB16F /* XCTest.framework */,
			);
			name = Frameworks;
			sourceTree = "<group>";
		};
		1C1BC33819C688EE008FB16F /* DemoForEasyPurchase */ = {
			isa = PBXGroup;
			children = (
				1C1BC37419C68951008FB16F /* UI */,
				1C1BC34119C688EE008FB16F /* AppDelegate.h */,
				1C1BC34219C688EE008FB16F /* AppDelegate.m */,
				1C1BC34A19C688EE008FB16F /* Images.xcassets */,
				1C1BC33919C688EE008FB16F /* Supporting Files */,
			);
			path = DemoForEasyPurchase;
			sourceTree = "<group>";
		};
		1C1BC33919C688EE008FB16F /* Supporting Files */ = {
			isa = PBXGroup;
			children = (
				1C1BC33A19C688EE008FB16F /* DemoForEasyPurchase-Info.plist */,
				1C1BC33B19C688EE008FB16F /* InfoPlist.strings */,
				1C1BC33E19C688EE008FB16F /* main.m */,
				1C1BC34019C688EE008FB16F /* DemoForEasyPurchase-Prefix.pch */,
			);
			name = "Supporting Files";
			sourceTree = "<group>";
		};
		1C1BC35719C688EE008FB16F /* DemoForEasyPurchaseTests */ = {
			isa = PBXGroup;
			children = (
				1C1BC35D19C688EE008FB16F /* DemoForEasyPurchaseTests.m */,
				1C1BC35819C688EE008FB16F /* Supporting Files */,
			);
			path = DemoForEasyPurchaseTests;
			sourceTree = "<group>";
		};
		1C1BC35819C688EE008FB16F /* Supporting Files */ = {
			isa = PBXGroup;
			children = (
				1C1BC35919C688EE008FB16F /* DemoForEasyPurchaseTests-Info.plist */,
				1C1BC35A19C688EE008FB16F /* InfoPlist.strings */,
			);
			name = "Supporting Files";
			sourceTree = "<group>";
		};
		1C1BC37419C68951008FB16F /* UI */ = {
			isa = PBXGroup;
			children = (
				1C1BC37519C68951008FB16F /* RootViewController.h */,
				1C1BC37619C68951008FB16F /* RootViewController.m */,
				1C1BC37719C68951008FB16F /* RootViewController.xib */,
				1C1BC37819C68951008FB16F /* VC_selectProduct.h */,
				1C1BC37919C68951008FB16F /* VC_selectProduct.m */,
				1C1BC37A19C68951008FB16F /* VC_selectProduct.xib */,
				1C1BC37B19C68951008FB16F /* ViewController.h */,
				1C1BC37C19C68951008FB16F /* ViewController.m */,
				1C1633B319C7C9B200D15CE8 /* ViewController.xib */,
			);
			path = UI;
			sourceTree = "<group>";
		};
		1C1BC3D619C6BA34008FB16F /* LibEasyPurchase */ = {
			isa = PBXGroup;
			children = (
				1C1BC3E019C6BA5C008FB16F /* EasyPurchase.h */,
				1C1BC3D719C6BA50008FB16F /* EasyPurchase.xcodeproj */,
			);
			name = LibEasyPurchase;
			sourceTree = "<group>";
		};
		1C1BC3D819C6BA50008FB16F /* Products */ = {
			isa = PBXGroup;
			children = (
				1C1BC3DD19C6BA50008FB16F /* libEasyPurchase.a */,
				1C1BC3DF19C6BA50008FB16F /* EasyPurchaseTests.xctest */,
			);
			name = Products;
			sourceTree = "<group>";
		};
/* End PBXGroup section */

/* Begin PBXNativeTarget section */
		1C1BC32E19C688EE008FB16F /* purchasetest */ = {
			isa = PBXNativeTarget;
			buildConfigurationList = 1C1BC36119C688EE008FB16F /* Build configuration list for PBXNativeTarget "purchasetest" */;
			buildPhases = (
				1C1BC32B19C688EE008FB16F /* Sources */,
				1C1BC32C19C688EE008FB16F /* Frameworks */,
				1C1BC32D19C688EE008FB16F /* Resources */,
			);
			buildRules = (
			);
			dependencies = (
				1C1BC3EC19C6F452008FB16F /* PBXTargetDependency */,
			);
			name = purchasetest;
			productName = DemoForEasyPurchase;
			productReference = 1C1BC32F19C688EE008FB16F /* DemoForEasyPurchase.app */;
			productType = "com.apple.product-type.application";
		};
		1C1BC34F19C688EE008FB16F /* DemoForEasyPurchaseTests */ = {
			isa = PBXNativeTarget;
			buildConfigurationList = 1C1BC36419C688EE008FB16F /* Build configuration list for PBXNativeTarget "DemoForEasyPurchaseTests" */;
			buildPhases = (
				1C1BC34C19C688EE008FB16F /* Sources */,
				1C1BC34D19C688EE008FB16F /* Frameworks */,
				1C1BC34E19C688EE008FB16F /* Resources */,
			);
			buildRules = (
			);
			dependencies = (
				1C1BC35619C688EE008FB16F /* PBXTargetDependency */,
			);
			name = DemoForEasyPurchaseTests;
			productName = DemoForEasyPurchaseTests;
			productReference = 1C1BC35019C688EE008FB16F /* DemoForEasyPurchaseTests.xctest */;
			productType = "com.apple.product-type.bundle.unit-test";
		};
/* End PBXNativeTarget section */

/* Begin PBXProject section */
		1C1BC32719C688EE008FB16F /* Project object */ = {
			isa = PBXProject;
			attributes = {
				LastUpgradeCheck = 0510;
				ORGANIZATIONNAME = darklinden;
				TargetAttributes = {
					1C1BC32E19C688EE008FB16F = {
						DevelopmentTeam = 38S4C479U7;
					};
					1C1BC34F19C688EE008FB16F = {
						TestTargetID = 1C1BC32E19C688EE008FB16F;
					};
				};
			};
			buildConfigurationList = 1C1BC32A19C688EE008FB16F /* Build configuration list for PBXProject "DemoForEasyPurchase" */;
			compatibilityVersion = "Xcode 3.2";
			developmentRegion = English;
			hasScannedForEncodings = 0;
			knownRegions = (
				en,
				Base,
			);
			mainGroup = 1C1BC32619C688EE008FB16F;
			productRefGroup = 1C1BC33019C688EE008FB16F /* Products */;
			projectDirPath = "";
			projectReferences = (
				{
					ProductGroup = 1C1BC3D819C6BA50008FB16F /* Products */;
					ProjectRef = 1C1BC3D719C6BA50008FB16F /* EasyPurchase.xcodeproj */;
				},
			);
			projectRoot = "";
			targets = (
				1C1BC32E19C688EE008FB16F /* purchasetest */,
				1C1BC34F19C688EE008FB16F /* DemoForEasyPurchaseTests */,
			);
		};
/* End PBXProject section */

/* Begin PBXReferenceProxy section */
		1C1BC3DD19C6BA50008FB16F /* libEasyPurchase.a */ = {
			isa = PBXReferenceProxy;
			fileType = archive.ar;
			path = libEasyPurchase.a;
			remoteRef = 1C1BC3DC19C6BA50008FB16F /* PBXContainerItemProxy */;
			sourceTree = BUILT_PRODUCTS_DIR;
		};
		1C1BC3DF19C6BA50008FB16F /* EasyPurchaseTests.xctest */ = {
			isa = PBXReferenceProxy;
			fileType = wrapper.cfbundle;
			path = EasyPurchaseTests.xctest;
			remoteRef = 1C1BC3DE19C6BA50008FB16F /* PBXContainerItemProxy */;
			sourceTree = BUILT_PRODUCTS_DIR;
		};
/* End PBXReferenceProxy section */

/* Begin PBXResourcesBuildPhase section */
		1C1BC32D19C688EE008FB16F /* Resources */ = {
			isa = PBXResourcesBuildPhase;
			buildActionMask = 2147483647;
			files = (
				1C1633B419C7C9B200D15CE8 /* ViewController.xib in Resources */,
				1C1BC34B19C688EE008FB16F /* Images.xcassets in Resources */,
				1C1BC33D19C688EE008FB16F /* InfoPlist.strings in Resources */,
				1C1BC38019C68951008FB16F /* VC_selectProduct.xib in Resources */,
				1C1BC37E19C68951008FB16F /* RootViewController.xib in Resources */,
			);
			runOnlyForDeploymentPostprocessing = 0;
		};
		1C1BC34E19C688EE008FB16F /* Resources */ = {
			isa = PBXResourcesBuildPhase;
			buildActionMask = 2147483647;
			files = (
				1C1BC35C19C688EE008FB16F /* InfoPlist.strings in Resources */,
			);
			runOnlyForDeploymentPostprocessing = 0;
		};
/* End PBXResourcesBuildPhase section */

/* Begin PBXSourcesBuildPhase section */
		1C1BC32B19C688EE008FB16F /* Sources */ = {
			isa = PBXSourcesBuildPhase;
			buildActionMask = 2147483647;
			files = (
				1C1BC34319C688EE008FB16F /* AppDelegate.m in Sources */,
				1C1BC33F19C688EE008FB16F /* main.m in Sources */,
				1C1BC37F19C68951008FB16F /* VC_selectProduct.m in Sources */,
				1C1BC37D19C68951008FB16F /* RootViewController.m in Sources */,
				1C1BC38119C68951008FB16F /* ViewController.m in Sources */,
			);
			runOnlyForDeploymentPostprocessing = 0;
		};
		1C1BC34C19C688EE008FB16F /* Sources */ = {
			isa = PBXSourcesBuildPhase;
			buildActionMask = 2147483647;
			files = (
				1C1BC35E19C688EE008FB16F /* DemoForEasyPurchaseTests.m in Sources */,
			);
			runOnlyForDeploymentPostprocessing = 0;
		};
/* End PBXSourcesBuildPhase section */

/* Begin PBXTargetDependency section */
		1C1BC35619C688EE008FB16F /* PBXTargetDependency */ = {
			isa = PBXTargetDependency;
			target = 1C1BC32E19C688EE008FB16F /* purchasetest */;
			targetProxy = 1C1BC35519C688EE008FB16F /* PBXContainerItemProxy */;
		};
		1C1BC3EC19C6F452008FB16F /* PBXTargetDependency */ = {
			isa = PBXTargetDependency;
			name = EasyPurchase;
			targetProxy = 1C1BC3EB19C6F452008FB16F /* PBXContainerItemProxy */;
		};
/* End PBXTargetDependency section */

/* Begin PBXVariantGroup section */
		1C1BC33B19C688EE008FB16F /* InfoPlist.strings */ = {
			isa = PBXVariantGroup;
			children = (
				1C1BC33C19C688EE008FB16F /* en */,
			);
			name = InfoPlist.strings;
			sourceTree = "<group>";
		};
		1C1BC35A19C688EE008FB16F /* InfoPlist.strings */ = {
			isa = PBXVariantGroup;
			children = (
				1C1BC35B19C688EE008FB16F /* en */,
			);
			name = InfoPlist.strings;
			sourceTree = "<group>";
		};
/* End PBXVariantGroup section */

/* Begin XCBuildConfiguration section */
		1C1BC35F19C688EE008FB16F /* Debug */ = {
			isa = XCBuildConfiguration;
			buildSettings = {
				ALWAYS_SEARCH_USER_PATHS = NO;
				CLANG_CXX_LANGUAGE_STANDARD = "gnu++0x";
				CLANG_CXX_LIBRARY = "libc++";
				CLANG_ENABLE_MODULES = YES;
				CLANG_ENABLE_OBJC_ARC = YES;
				CLANG_WARN_BOOL_CONVERSION = YES;
				CLANG_WARN_CONSTANT_CONVERSION = YES;
				CLANG_WARN_DIRECT_OBJC_ISA_USAGE = YES_ERROR;
				CLANG_WARN_EMPTY_BODY = YES;
				CLANG_WARN_ENUM_CONVERSION = YES;
				CLANG_WARN_INT_CONVERSION = YES;
				CLANG_WARN_OBJC_ROOT_CLASS = YES_ERROR;
				CLANG_WARN__DUPLICATE_METHOD_MATCH = YES;
				"CODE_SIGN_IDENTITY[sdk=iphoneos*]" = "iPhone Developer";
				COPY_PHASE_STRIP = NO;
				GCC_C_LANGUAGE_STANDARD = gnu99;
				GCC_DYNAMIC_NO_PIC = NO;
				GCC_OPTIMIZATION_LEVEL = 0;
				GCC_PREPROCESSOR_DEFINITIONS = (
					"DEBUG=1",
					"$(inherited)",
				);
				GCC_SYMBOLS_PRIVATE_EXTERN = NO;
				GCC_WARN_64_TO_32_BIT_CONVERSION = YES;
				GCC_WARN_ABOUT_RETURN_TYPE = YES_ERROR;
				GCC_WARN_UNDECLARED_SELECTOR = YES;
				GCC_WARN_UNINITIALIZED_AUTOS = YES_AGGRESSIVE;
				GCC_WARN_UNUSED_FUNCTION = YES;
				GCC_WARN_UNUSED_VARIABLE = YES;
				IPHONEOS_DEPLOYMENT_TARGET = 7.1;
				ONLY_ACTIVE_ARCH = YES;
				SDKROOT = iphoneos;
			};
			name = Debug;
		};
		1C1BC36019C688EE008FB16F /* Release */ = {
			isa = XCBuildConfiguration;
			buildSettings = {
				ALWAYS_SEARCH_USER_PATHS = NO;
				CLANG_CXX_LANGUAGE_STANDARD = "gnu++0x";
				CLANG_CXX_LIBRARY = "libc++";
				CLANG_ENABLE_MODULES = YES;
				CLANG_ENABLE_OBJC_ARC = YES;
				CLANG_WARN_BOOL_CONVERSION = YES;
				CLANG_WARN_CONSTANT_CONVERSION = YES;
				CLANG_WARN_DIRECT_OBJC_ISA_USAGE = YES_ERROR;
				CLANG_WARN_EMPTY_BODY = YES;
				CLANG_WARN_ENUM_CONVERSION = YES;
				CLANG_WARN_INT_CONVERSION = YES;
				CLANG_WARN_OBJC_ROOT_CLASS = YES_ERROR;
				CLANG_WARN__DUPLICATE_METHOD_MATCH = YES;
				"CODE_SIGN_IDENTITY[sdk=iphoneos*]" = "iPhone Developer";
				COPY_PHASE_STRIP = YES;
				ENABLE_NS_ASSERTIONS = NO;
				GCC_C_LANGUAGE_STANDARD = gnu99;
				GCC_WARN_64_TO_32_BIT_CONVERSION = YES;
				GCC_WARN_ABOUT_RETURN_TYPE = YES_ERROR;
				GCC_WARN_UNDECLARED_SELECTOR = YES;
				GCC_WARN_UNINITIALIZED_AUTOS = YES_AGGRESSIVE;
				GCC_WARN_UNUSED_FUNCTION = YES;
				GCC_WARN_UNUSED_VARIABLE = YES;
				IPHONEOS_DEPLOYMENT_TARGET = 7.1;
				SDKROOT = iphoneos;
				VALIDATE_PRODUCT = YES;
			};
			name = Release;
		};
		1C1BC36219C688EE008FB16F /* Debug */ = {
			isa = XCBuildConfiguration;
			buildSettings = {
				ASSETCATALOG_COMPILER_APPICON_NAME = AppIcon;
				ASSETCATALOG_COMPILER_LAUNCHIMAGE_NAME = LaunchImage;
				CODE_SIGN_IDENTITY = "iPhone Developer";
				GCC_PRECOMPILE_PREFIX_HEADER = YES;
				GCC_PREFIX_HEADER = "DemoForEasyPurchase/DemoForEasyPurchase-Prefix.pch";
				INFOPLIST_FILE = "DemoForEasyPurchase/DemoForEasyPurchase-Info.plist";
				IPHONEOS_DEPLOYMENT_TARGET = 7.0;
				PRODUCT_NAME = "$(TARGET_NAME)";
				WRAPPER_EXTENSION = app;
			};
			name = Debug;
		};
		1C1BC36319C688EE008FB16F /* Release */ = {
			isa = XCBuildConfiguration;
			buildSettings = {
				ASSETCATALOG_COMPILER_APPICON_NAME = AppIcon;
				ASSETCATALOG_COMPILER_LAUNCHIMAGE_NAME = LaunchImage;
				CODE_SIGN_IDENTITY = "iPhone Developer";
				GCC_PRECOMPILE_PREFIX_HEADER = YES;
				GCC_PREFIX_HEADER = "DemoForEasyPurchase/DemoForEasyPurchase-Prefix.pch";
				INFOPLIST_FILE = "DemoForEasyPurchase/DemoForEasyPurchase-Info.plist";
				IPHONEOS_DEPLOYMENT_TARGET = 7.0;
				PRODUCT_NAME = "$(TARGET_NAME)";
				WRAPPER_EXTENSION = app;
			};
			name = Release;
		};
		1C1BC36519C688EE008FB16F /* Debug */ = {
			isa = XCBuildConfiguration;
			buildSettings = {
				BUNDLE_LOADER = "$(BUILT_PRODUCTS_DIR)/DemoForEasyPurchase.app/DemoForEasyPurchase";
				FRAMEWORK_SEARCH_PATHS = (
					"$(SDKROOT)/Developer/Library/Frameworks",
					"$(inherited)",
					"$(DEVELOPER_FRAMEWORKS_DIR)",
				);
				GCC_PRECOMPILE_PREFIX_HEADER = YES;
				GCC_PREFIX_HEADER = "DemoForEasyPurchase/DemoForEasyPurchase-Prefix.pch";
				GCC_PREPROCESSOR_DEFINITIONS = (
					"DEBUG=1",
					"$(inherited)",
				);
				INFOPLIST_FILE = "DemoForEasyPurchaseTests/DemoForEasyPurchaseTests-Info.plist";
				PRODUCT_NAME = "$(TARGET_NAME)";
				TEST_HOST = "$(BUNDLE_LOADER)";
				WRAPPER_EXTENSION = xctest;
			};
			name = Debug;
		};
		1C1BC36619C688EE008FB16F /* Release */ = {
			isa = XCBuildConfiguration;
			buildSettings = {
				BUNDLE_LOADER = "$(BUILT_PRODUCTS_DIR)/DemoForEasyPurchase.app/DemoForEasyPurchase";
				FRAMEWORK_SEARCH_PATHS = (
					"$(SDKROOT)/Developer/Library/Frameworks",
					"$(inherited)",
					"$(DEVELOPER_FRAMEWORKS_DIR)",
				);
				GCC_PRECOMPILE_PREFIX_HEADER = YES;
				GCC_PREFIX_HEADER = "DemoForEasyPurchase/DemoForEasyPurchase-Prefix.pch";
				INFOPLIST_FILE = "DemoForEasyPurchaseTests/DemoForEasyPurchaseTests-Info.plist";
				PRODUCT_NAME = "$(TARGET_NAME)";
				TEST_HOST = "$(BUNDLE_LOADER)";
				WRAPPER_EXTENSION = xctest;
			};
			name = Release;
		};
/* End XCBuildConfiguration section */

/* Begin XCConfigurationList section */
		1C1BC32A19C688EE008FB16F /* Build configuration list for PBXProject "DemoForEasyPurchase" */ = {
			isa = XCConfigurationList;
			buildConfigurations = (
				1C1BC35F19C688EE008FB16F /* Debug */,
				1C1BC36019C688EE008FB16F /* Release */,
			);
			defaultConfigurationIsVisible = 0;
			defaultConfigurationName = Release;
		};
		1C1BC36119C688EE008FB16F /* Build configuration list for PBXNativeTarget "purchasetest" */ = {
			isa = XCConfigurationList;
			buildConfigurations = (
				1C1BC36219C688EE008FB16F /* Debug */,
				1C1BC36319C688EE008FB16F /* Release */,
			);
			defaultConfigurationIsVisible = 0;
			defaultConfigurationName = Release;
		};
		1C1BC36419C688EE008FB16F /* Build configuration list for PBXNativeTarget "DemoForEasyPurchaseTests" */ = {
			isa = XCConfigurationList;
			buildConfigurations = (
				1C1BC36519C688EE008FB16F /* Debug */,
				1C1BC36619C688EE008FB16F /* Release */,
			);
			defaultConfigurationIsVisible = 0;
			defaultConfigurationName = Release;
		};
/* End XCConfigurationList section */
	};
	rootObject = 1C1BC32719C688EE008FB16F /* Project object */;
}
